
Microsoft Visual Studio Solution File, Format Version 12.00
# Visual Studio 15
VisualStudioVersion = 15.0.27703.2047
MinimumVisualStudioVersion = 10.0.40219.1
Project("{9A19103F-16F7-4668-BE54-9A1E7A4F7556}") = "Monitor.Application", "Application\Monitor.Application.csproj", "{32460D26-CA76-460C-947E-41CF01E3BD7C}"
EndProject
Project("{9A19103F-16F7-4668-BE54-9A1E7A4F7556}") = "Monitor.Infrastructure", "Monitor.Infrastructure\Monitor.Infrastructure.csproj", "{B1D85438-1302-4638-8870-1389CB68AC7D}"
EndProject
Project("{9A19103F-16F7-4668-BE54-9A1E7A4F7556}") = "Monitor.Persistence", "Monitor.Persistence\Monitor.Persistence.csproj", "{1E7C008B-D619-4058-8FBA-40238E6B02AE}"
EndProject
Project("{9A19103F-16F7-4668-BE54-9A1E7A4F7556}") = "Monitor.WebUI", "Monitor.WebUI\Monitor.WebUI.csproj", "{9A77DA37-1905-4C10-B844-7E3189FEA90C}"
EndProject
Project("{9A19103F-16F7-4668-BE54-9A1E7A4F7556}") = "Monitor.Dashboard", "Monitor.Dashboard\Monitor.Dashboard.csproj", "{75E5B29A-6AAD-4DB7-B768-7E8C82D49979}"
EndProject
Project("{9A19103F-16F7-4668-BE54-9A1E7A4F7556}") = "Monitor.DAL", "Monitor.DAL\Monitor.DAL.csproj", "{C25AD1E2-DA69-4BFE-9E95-0913B97D222A}"
EndProject
Project("{9A19103F-16F7-4668-BE54-9A1E7A4F7556}") = "Monitor.Dashboard.Scheduling", "Monitor.Dashboard.Scheduling\Monitor.Dashboard.Scheduling.csproj", "{E084C1E2-46C2-4D8D-B9F5-3EBBE2540196}"
EndProject
Global
	GlobalSection(SolutionConfigurationPlatforms) = preSolution
		Debug|Any CPU = Debug|Any CPU
		Release|Any CPU = Release|Any CPU
	EndGlobalSection
	GlobalSection(ProjectConfigurationPlatforms) = postSolution
		{32460D26-CA76-460C-947E-41CF01E3BD7C}.Debug|Any CPU.ActiveCfg = Debug|Any CPU
		{32460D26-CA76-460C-947E-41CF01E3BD7C}.Debug|Any CPU.Build.0 = Debug|Any CPU
		{32460D26-CA76-460C-947E-41CF01E3BD7C}.Release|Any CPU.ActiveCfg = Release|Any CPU
		{32460D26-CA76-460C-947E-41CF01E3BD7C}.Release|Any CPU.Build.0 = Release|Any CPU
		{B1D85438-1302-4638-8870-1389CB68AC7D}.Debug|Any CPU.ActiveCfg = Debug|Any CPU
		{B1D85438-1302-4638-8870-1389CB68AC7D}.Debug|Any CPU.Build.0 = Debug|Any CPU
		{B1D85438-1302-4638-8870-1389CB68AC7D}.Release|Any CPU.ActiveCfg = Release|Any CPU
		{B1D85438-1302-4638-8870-1389CB68AC7D}.Release|Any CPU.Build.0 = Release|Any CPU
		{1E7C008B-D619-4058-8FBA-40238E6B02AE}.Debug|Any CPU.ActiveCfg = Debug|Any CPU
		{1E7C008B-D619-4058-8FBA-40238E6B02AE}.Debug|Any CPU.Build.0 = Debug|Any CPU
		{1E7C008B-D619-4058-8FBA-40238E6B02AE}.Release|Any CPU.ActiveCfg = Release|Any CPU
		{1E7C008B-D619-4058-8FBA-40238E6B02AE}.Release|Any CPU.Build.0 = Release|Any CPU
		{9A77DA37-1905-4C10-B844-7E3189FEA90C}.Debug|Any CPU.ActiveCfg = Debug|Any CPU
		{9A77DA37-1905-4C10-B844-7E3189FEA90C}.Debug|Any CPU.Build.0 = Debug|Any CPU
		{9A77DA37-1905-4C10-B844-7E3189FEA90C}.Release|Any CPU.ActiveCfg = Release|Any CPU
		{9A77DA37-1905-4C10-B844-7E3189FEA90C}.Release|Any CPU.Build.0 = Release|Any CPU
		{75E5B29A-6AAD-4DB7-B768-7E8C82D49979}.Debug|Any CPU.ActiveCfg = Debug|Any CPU
		{75E5B29A-6AAD-4DB7-B768-7E8C82D49979}.Debug|Any CPU.Build.0 = Debug|Any CPU
		{75E5B29A-6AAD-4DB7-B768-7E8C82D49979}.Release|Any CPU.ActiveCfg = Release|Any CPU
		{75E5B29A-6AAD-4DB7-B768-7E8C82D49979}.Release|Any CPU.Build.0 = Release|Any CPU
		{C25AD1E2-DA69-4BFE-9E95-0913B97D222A}.Debug|Any CPU.ActiveCfg = Debug|Any CPU
		{C25AD1E2-DA69-4BFE-9E95-0913B97D222A}.Debug|Any CPU.Build.0 = Debug|Any CPU
		{C25AD1E2-DA69-4BFE-9E95-0913B97D222A}.Release|Any CPU.ActiveCfg = Release|Any CPU
		{C25AD1E2-DA69-4BFE-9E95-0913B97D222A}.Release|Any CPU.Build.0 = Release|Any CPU
		{E084C1E2-46C2-4D8D-B9F5-3EBBE2540196}.Debug|Any CPU.ActiveCfg = Debug|Any CPU
		{E084C1E2-46C2-4D8D-B9F5-3EBBE2540196}.Debug|Any CPU.Build.0 = Debug|Any CPU
		{E084C1E2-46C2-4D8D-B9F5-3EBBE2540196}.Release|Any CPU.ActiveCfg = Release|Any CPU
		{E084C1E2-46C2-4D8D-B9F5-3EBBE2540196}.Release|Any CPU.Build.0 = Release|Any CPU
	EndGlobalSection
	GlobalSection(SolutionProperties) = preSolution
		HideSolutionNode = FALSE
	EndGlobalSection
	GlobalSection(ExtensibilityGlobals) = postSolution
		SolutionGuid = {1A94CCE4-FCB3-48C2-98BE-B4F01B8431B6}
	EndGlobalSection
EndGlobal
