
Microsoft Visual Studio Solution File, Format Version 12.00
# Visual Studio Version 16
VisualStudioVersion = 16.0.31205.134
MinimumVisualStudioVersion = 10.0.40219.1
Project("{9A19103F-16F7-4668-BE54-9A1E7A4F7556}") = "Autodoc.SeoAdmin.API", "Autodoc.SeoAdmin.API\Autodoc.SeoAdmin.API.csproj", "{10C49FB0-F39F-4C3B-B29C-E3815AF0BB82}"
EndProject
Project("{9A19103F-16F7-4668-BE54-9A1E7A4F7556}") = "Autodoc.SeoAdmin.Application", "Autodoc.SeoAdmin.Application\Autodoc.SeoAdmin.Application.csproj", "{05747AEE-73A4-4318-84DA-CAC90B882627}"
EndProject
Project("{9A19103F-16F7-4668-BE54-9A1E7A4F7556}") = "Autodoc.SeoAdmin.Infrastructure", "Autodoc.SeoAdmin.Infrastructure\Autodoc.SeoAdmin.Infrastructure.csproj", "{1EF2ED49-48B4-4AF2-9C69-9B1DABB0D005}"
EndProject
Project("{9A19103F-16F7-4668-BE54-9A1E7A4F7556}") = "Autodoc.SeoAdmin.Domain", "Autodoc.SeoAdmin.Domain\Autodoc.SeoAdmin.Domain.csproj", "{F3A8B5B0-00D6-4E57-9C68-1C5BAA70A45B}"
EndProject
Project("{FAE04EC0-301F-11D3-BF4B-00C04F79EFBC}") = "SeoAdmin.Test", "SeoAdmin.Test\SeoAdmin.Test.csproj", "{0080B3BA-1022-4A17-A400-252F8CEEFAFB}"
EndProject
Global
	GlobalSection(SolutionConfigurationPlatforms) = preSolution
		Debug|Any CPU = Debug|Any CPU
		Release|Any CPU = Release|Any CPU
	EndGlobalSection
	GlobalSection(ProjectConfigurationPlatforms) = postSolution
		{10C49FB0-F39F-4C3B-B29C-E3815AF0BB82}.Debug|Any CPU.ActiveCfg = Debug|Any CPU
		{10C49FB0-F39F-4C3B-B29C-E3815AF0BB82}.Debug|Any CPU.Build.0 = Debug|Any CPU
		{10C49FB0-F39F-4C3B-B29C-E3815AF0BB82}.Release|Any CPU.ActiveCfg = Release|Any CPU
		{10C49FB0-F39F-4C3B-B29C-E3815AF0BB82}.Release|Any CPU.Build.0 = Release|Any CPU
		{05747AEE-73A4-4318-84DA-CAC90B882627}.Debug|Any CPU.ActiveCfg = Debug|Any CPU
		{05747AEE-73A4-4318-84DA-CAC90B882627}.Debug|Any CPU.Build.0 = Debug|Any CPU
		{05747AEE-73A4-4318-84DA-CAC90B882627}.Release|Any CPU.ActiveCfg = Release|Any CPU
		{05747AEE-73A4-4318-84DA-CAC90B882627}.Release|Any CPU.Build.0 = Release|Any CPU
		{1EF2ED49-48B4-4AF2-9C69-9B1DABB0D005}.Debug|Any CPU.ActiveCfg = Debug|Any CPU
		{1EF2ED49-48B4-4AF2-9C69-9B1DABB0D005}.Debug|Any CPU.Build.0 = Debug|Any CPU
		{1EF2ED49-48B4-4AF2-9C69-9B1DABB0D005}.Release|Any CPU.ActiveCfg = Release|Any CPU
		{1EF2ED49-48B4-4AF2-9C69-9B1DABB0D005}.Release|Any CPU.Build.0 = Release|Any CPU
		{F3A8B5B0-00D6-4E57-9C68-1C5BAA70A45B}.Debug|Any CPU.ActiveCfg = Debug|Any CPU
		{F3A8B5B0-00D6-4E57-9C68-1C5BAA70A45B}.Debug|Any CPU.Build.0 = Debug|Any CPU
		{F3A8B5B0-00D6-4E57-9C68-1C5BAA70A45B}.Release|Any CPU.ActiveCfg = Release|Any CPU
		{F3A8B5B0-00D6-4E57-9C68-1C5BAA70A45B}.Release|Any CPU.Build.0 = Release|Any CPU
		{0080B3BA-1022-4A17-A400-252F8CEEFAFB}.Debug|Any CPU.ActiveCfg = Debug|Any CPU
		{0080B3BA-1022-4A17-A400-252F8CEEFAFB}.Debug|Any CPU.Build.0 = Debug|Any CPU
		{0080B3BA-1022-4A17-A400-252F8CEEFAFB}.Release|Any CPU.ActiveCfg = Release|Any CPU
		{0080B3BA-1022-4A17-A400-252F8CEEFAFB}.Release|Any CPU.Build.0 = Release|Any CPU
	EndGlobalSection
	GlobalSection(SolutionProperties) = preSolution
		HideSolutionNode = FALSE
	EndGlobalSection
	GlobalSection(ExtensibilityGlobals) = postSolution
		SolutionGuid = {0EE28B09-D617-4586-8520-DBCD7B3A5B18}
	EndGlobalSection
EndGlobal
